
Microsoft Visual Studio Solution File, Format Version 12.00
# Visual Studio Version 16
VisualStudioVersion = 16.0.31105.61
MinimumVisualStudioVersion = 10.0.40219.1
Project("{FAE04EC0-301F-11D3-BF4B-00C04F79EFBC}") = "WpfUserControl", "WpfUserControl\WpfUserControl.csproj", "{8C060C69-C96D-43B3-8B7E-F6CDFE3C85F1}"
EndProject
Global
	GlobalSection(SolutionConfigurationPlatforms) = preSolution
		Debug|Any CPU = Debug|Any CPU
		Release|Any CPU = Release|Any CPU
	EndGlobalSection
	GlobalSection(ProjectConfigurationPlatforms) = postSolution
		{8C060C69-C96D-43B3-8B7E-F6CDFE3C85F1}.Debug|Any CPU.ActiveCfg = Debug|Any CPU
		{8C060C69-C96D-43B3-8B7E-F6CDFE3C85F1}.Debug|Any CPU.Build.0 = Debug|Any CPU
		{8C060C69-C96D-43B3-8B7E-F6CDFE3C85F1}.Release|Any CPU.ActiveCfg = Release|Any CPU
		{8C060C69-C96D-43B3-8B7E-F6CDFE3C85F1}.Release|Any CPU.Build.0 = Release|Any CPU
	EndGlobalSection
	GlobalSection(SolutionProperties) = preSolution
		HideSolutionNode = FALSE
	EndGlobalSection
	GlobalSection(ExtensibilityGlobals) = postSolution
		SolutionGuid = {A9191A14-09FD-4682-ADB5-F45A4AFF4A1E}
	EndGlobalSection
EndGlobal
